<?xml version="1.0" encoding="utf-8"?>
<Project ToolsVersion="4.0" xmlns="http://schemas.microsoft.com/developer/msbuild/2003">
  <ItemGroup>
    <ClCompile Include="StringLib.cpp">
      <Filter>Source Files\misc</Filter>
    </ClCompile>
    <ClCompile Include="Camera.cpp">
      <Filter>Source Files\display</Filter>
    </ClCompile>
    <ClCompile Include="Texture.cpp">
      <Filter>Source Files\display</Filter>
    </ClCompile>
    <ClCompile Include="TexturedEntity.cpp">
      <Filter>Source Files\display</Filter>
    </ClCompile>
    <ClCompile Include="TexturedMesh.cpp">
      <Filter>Source Files\display</Filter>
    </ClCompile>
    <ClCompile Include="Renderer.cpp">
      <Filter>Source Files\display</Filter>
    </ClCompile>
    <ClCompile Include="Shader.cpp">
      <Filter>Source Files\display</Filter>
    </ClCompile>
    <ClCompile Include="StaticShader.cpp">
      <Filter>Source Files\display</Filter>
    </ClCompile>
    <ClCompile Include="main.cpp">
      <Filter>Source Files\runtime</Filter>
    </ClCompile>
    <ClCompile Include="Game.cpp">
      <Filter>Source Files\runtime</Filter>
    </ClCompile>
    <ClCompile Include="Exception.cpp">
      <Filter>Source Files\runtime</Filter>
    </ClCompile>
    <ClCompile Include="GamePadHandler.cpp">
      <Filter>Source Files\input</Filter>
    </ClCompile>
    <ClCompile Include="InputHandler.cpp">
      <Filter>Source Files\input</Filter>
    </ClCompile>
    <ClCompile Include="KeyboardHandler.cpp">
      <Filter>Source Files\input</Filter>
    </ClCompile>
    <ClCompile Include="MouseHandler.cpp">
      <Filter>Source Files\input</Filter>
    </ClCompile>
    <ClCompile Include="Entity.cpp">
      <Filter>Source Files\loader</Filter>
    </ClCompile>
    <ClCompile Include="Loader.cpp">
      <Filter>Source Files\loader</Filter>
    </ClCompile>
    <ClCompile Include="Mesh.cpp">
      <Filter>Source Files\loader</Filter>
    </ClCompile>
    <ClCompile Include="MeshEntity.cpp">
      <Filter>Source Files\loader</Filter>
    </ClCompile>
  </ItemGroup>
  <ItemGroup>
    <ClInclude Include="Camera.h">
      <Filter>Header Files\display</Filter>
    </ClInclude>
    <ClInclude Include="Renderer.h">
      <Filter>Header Files\display</Filter>
    </ClInclude>
    <ClInclude Include="Shader.h">
      <Filter>Header Files\display</Filter>
    </ClInclude>
    <ClInclude Include="StaticShader.h">
      <Filter>Header Files\display</Filter>
    </ClInclude>
    <ClInclude Include="Texture.h">
      <Filter>Header Files\display</Filter>
    </ClInclude>
    <ClInclude Include="TexturedEntity.h">
      <Filter>Header Files\display</Filter>
    </ClInclude>
    <ClInclude Include="TexturedMesh.h">
      <Filter>Header Files\display</Filter>
    </ClInclude>
    <ClInclude Include="Game.h">
      <Filter>Header Files\runtime</Filter>
    </ClInclude>
    <ClInclude Include="StringLib.h">
      <Filter>Header Files\misc</Filter>
    </ClInclude>
    <ClInclude Include="Util.h">
      <Filter>Header Files\misc</Filter>
    </ClInclude>
    <ClInclude Include="Exception.h">
      <Filter>Header Files\runtime</Filter>
    </ClInclude>
    <ClInclude Include="GamePadHandler.h">
      <Filter>Header Files\input</Filter>
    </ClInclude>
    <ClInclude Include="InputHandler.h">
      <Filter>Header Files\input</Filter>
    </ClInclude>
    <ClInclude Include="KeyboardHandler.h">
      <Filter>Header Files\input</Filter>
    </ClInclude>
    <ClInclude Include="MouseHandler.h">
      <Filter>Header Files\input</Filter>
    </ClInclude>
    <ClInclude Include="Entity.h">
      <Filter>Header Files\loader</Filter>
    </ClInclude>
    <ClInclude Include="Loader.h">
      <Filter>Header Files\loader</Filter>
    </ClInclude>
    <ClInclude Include="Mesh.h">
      <Filter>Header Files\loader</Filter>
    </ClInclude>
    <ClInclude Include="MeshEntity.h">
      <Filter>Header Files\loader</Filter>
    </ClInclude>
  </ItemGroup>
  <ItemGroup>
    <Filter Include="Header Files">
      <UniqueIdentifier>{487f222f-4383-4971-9c46-f7c3787a56a5}</UniqueIdentifier>
    </Filter>
    <Filter Include="Source Files">
      <UniqueIdentifier>{24aa2cc2-b4c0-4499-a648-f77b77120e2b}</UniqueIdentifier>
    </Filter>
    <Filter Include="Header Files\display">
      <UniqueIdentifier>{a4684005-7dd2-4edf-9c71-30ba52a0d378}</UniqueIdentifier>
    </Filter>
    <Filter Include="Header Files\runtime">
      <UniqueIdentifier>{c00d9484-f5fc-4624-960e-31896a2042e5}</UniqueIdentifier>
    </Filter>
    <Filter Include="Header Files\misc">
      <UniqueIdentifier>{435aa9cc-e95c-422b-a8b4-bb70a23e3ebe}</UniqueIdentifier>
    </Filter>
    <Filter Include="Header Files\input">
      <UniqueIdentifier>{6a317474-ef2c-4669-88e4-c154de7f65b3}</UniqueIdentifier>
    </Filter>
    <Filter Include="Header Files\loader">
      <UniqueIdentifier>{f58de702-44b1-4ee0-8be6-5d7c365b62c1}</UniqueIdentifier>
    </Filter>
    <Filter Include="Source Files\misc">
      <UniqueIdentifier>{310d9c91-23bb-4399-b987-720b658a4b4a}</UniqueIdentifier>
    </Filter>
    <Filter Include="Source Files\display">
      <UniqueIdentifier>{9d2680a5-0d4a-4ed2-9d9a-f514cc41cb57}</UniqueIdentifier>
    </Filter>
    <Filter Include="Source Files\runtime">
      <UniqueIdentifier>{6ea137dc-4108-402c-aaf1-3037e5bd4325}</UniqueIdentifier>
    </Filter>
    <Filter Include="Source Files\input">
      <UniqueIdentifier>{61a4303f-36ff-4915-87ea-f3c4f2ba5467}</UniqueIdentifier>
    </Filter>
    <Filter Include="Source Files\loader">
      <UniqueIdentifier>{c64ef359-b1d8-4ce0-a2a4-3af8799867d1}</UniqueIdentifier>
    </Filter>
  </ItemGroup>
</Project>